// !$*UTF8*$!
{
	archiveVersion = 1;
	classes = {
	};
	objectVersion = 50;
	objects = {

/* Begin PBXBuildFile section */
		EC3C3B4D24549B9A007C453A /* AppDelegate.swift in Sources */ = {isa = PBXBuildFile; fileRef = EC3C3B4C24549B9A007C453A /* AppDelegate.swift */; };
		EC3C3B4F24549B9A007C453A /* SceneDelegate.swift in Sources */ = {isa = PBXBuildFile; fileRef = EC3C3B4E24549B9A007C453A /* SceneDelegate.swift */; };
		EC3C3B5124549B9A007C453A /* MainViewController.swift in Sources */ = {isa = PBXBuildFile; fileRef = EC3C3B5024549B9A007C453A /* MainViewController.swift */; };
		EC3C3B5424549B9A007C453A /* Main.storyboard in Resources */ = {isa = PBXBuildFile; fileRef = EC3C3B5224549B9A007C453A /* Main.storyboard */; };
		EC3C3B5624549B9D007C453A /* Assets.xcassets in Resources */ = {isa = PBXBuildFile; fileRef = EC3C3B5524549B9D007C453A /* Assets.xcassets */; };
		EC3C3B5924549B9D007C453A /* LaunchScreen.storyboard in Resources */ = {isa = PBXBuildFile; fileRef = EC3C3B5724549B9D007C453A /* LaunchScreen.storyboard */; };
		EC426B2E245638250027D7C7 /* HomeHeaderView.swift in Sources */ = {isa = PBXBuildFile; fileRef = EC426B2D245638250027D7C7 /* HomeHeaderView.swift */; };
		EC473AEE24577D0A00A5678A /* HomeBottomView.swift in Sources */ = {isa = PBXBuildFile; fileRef = EC473AED24577D0A00A5678A /* HomeBottomView.swift */; };
		EC5332BA245CF90100AE14F7 /* BaseCell.swift in Sources */ = {isa = PBXBuildFile; fileRef = EC5332B9245CF90100AE14F7 /* BaseCell.swift */; };
		EC9049542454B16D00037BFD /* HomeCell.swift in Sources */ = {isa = PBXBuildFile; fileRef = EC9049532454B16D00037BFD /* HomeCell.swift */; };
		EC9049592454DEE000037BFD /* UIView+Autolayout.swift in Sources */ = {isa = PBXBuildFile; fileRef = EC9049582454DEE000037BFD /* UIView+Autolayout.swift */; };
		ECDBA3102457833800C6B399 /* HomeBottomCellCollectionViewCell.swift in Sources */ = {isa = PBXBuildFile; fileRef = ECDBA30F2457833800C6B399 /* HomeBottomCellCollectionViewCell.swift */; };
/* End PBXBuildFile section */

/* Begin PBXFileReference section */
		EC3C3B4924549B9A007C453A /* Facebook.app */ = {isa = PBXFileReference; explicitFileType = wrapper.application; includeInIndex = 0; path = Facebook.app; sourceTree = BUILT_PRODUCTS_DIR; };
		EC3C3B4C24549B9A007C453A /* AppDelegate.swift */ = {isa = PBXFileReference; lastKnownFileType = sourcecode.swift; path = AppDelegate.swift; sourceTree = "<group>"; };
		EC3C3B4E24549B9A007C453A /* SceneDelegate.swift */ = {isa = PBXFileReference; lastKnownFileType = sourcecode.swift; path = SceneDelegate.swift; sourceTree = "<group>"; };
		EC3C3B5024549B9A007C453A /* MainViewController.swift */ = {isa = PBXFileReference; lastKnownFileType = sourcecode.swift; path = MainViewController.swift; sourceTree = "<group>"; };
		EC3C3B5324549B9A007C453A /* Base */ = {isa = PBXFileReference; lastKnownFileType = file.storyboard; name = Base; path = Base.lproj/Main.storyboard; sourceTree = "<group>"; };
		EC3C3B5524549B9D007C453A /* Assets.xcassets */ = {isa = PBXFileReference; lastKnownFileType = folder.assetcatalog; path = Assets.xcassets; sourceTree = "<group>"; };
		EC3C3B5824549B9D007C453A /* Base */ = {isa = PBXFileReference; lastKnownFileType = file.storyboard; name = Base; path = Base.lproj/LaunchScreen.storyboard; sourceTree = "<group>"; };
		EC3C3B5A24549B9D007C453A /* Info.plist */ = {isa = PBXFileReference; lastKnownFileType = text.plist.xml; path = Info.plist; sourceTree = "<group>"; };
		EC426B2D245638250027D7C7 /* HomeHeaderView.swift */ = {isa = PBXFileReference; lastKnownFileType = sourcecode.swift; path = HomeHeaderView.swift; sourceTree = "<group>"; };
		EC473AED24577D0A00A5678A /* HomeBottomView.swift */ = {isa = PBXFileReference; lastKnownFileType = sourcecode.swift; path = HomeBottomView.swift; sourceTree = "<group>"; };
		EC5332B9245CF90100AE14F7 /* BaseCell.swift */ = {isa = PBXFileReference; lastKnownFileType = sourcecode.swift; path = BaseCell.swift; sourceTree = "<group>"; };
		EC9049532454B16D00037BFD /* HomeCell.swift */ = {isa = PBXFileReference; lastKnownFileType = sourcecode.swift; path = HomeCell.swift; sourceTree = "<group>"; };
		EC9049582454DEE000037BFD /* UIView+Autolayout.swift */ = {isa = PBXFileReference; lastKnownFileType = sourcecode.swift; path = "UIView+Autolayout.swift"; sourceTree = "<group>"; };
		ECDBA30F2457833800C6B399 /* HomeBottomCellCollectionViewCell.swift */ = {isa = PBXFileReference; lastKnownFileType = sourcecode.swift; path = HomeBottomCellCollectionViewCell.swift; sourceTree = "<group>"; };
/* End PBXFileReference section */

/* Begin PBXFrameworksBuildPhase section */
		EC3C3B4624549B9A007C453A /* Frameworks */ = {
			isa = PBXFrameworksBuildPhase;
			buildActionMask = 2147483647;
			files = (
			);
			runOnlyForDeploymentPostprocessing = 0;
		};
/* End PBXFrameworksBuildPhase section */

/* Begin PBXGroup section */
		EC3C3B4024549B9A007C453A = {
			isa = PBXGroup;
			children = (
				EC3C3B4B24549B9A007C453A /* Facebook */,
				EC3C3B4A24549B9A007C453A /* Products */,
			);
			sourceTree = "<group>";
		};
		EC3C3B4A24549B9A007C453A /* Products */ = {
			isa = PBXGroup;
			children = (
				EC3C3B4924549B9A007C453A /* Facebook.app */,
			);
			name = Products;
			sourceTree = "<group>";
		};
		EC3C3B4B24549B9A007C453A /* Facebook */ = {
			isa = PBXGroup;
			children = (
				EC3C3B4C24549B9A007C453A /* AppDelegate.swift */,
				EC3C3B4E24549B9A007C453A /* SceneDelegate.swift */,
				EC3C3B5224549B9A007C453A /* Main.storyboard */,
				EC3C3B5524549B9D007C453A /* Assets.xcassets */,
				EC3C3B5724549B9D007C453A /* LaunchScreen.storyboard */,
				EC9049512454AE1600037BFD /* Views */,
				EC5332B8245C4AB300AE14F7 /* Controller */,
				EC9049552454DDAE00037BFD /* Helpers */,
				EC3C3B5A24549B9D007C453A /* Info.plist */,
			);
			path = Facebook;
			sourceTree = "<group>";
		};
		EC5332B8245C4AB300AE14F7 /* Controller */ = {
			isa = PBXGroup;
			children = (
				EC3C3B5024549B9A007C453A /* MainViewController.swift */,
			);
			path = Controller;
			sourceTree = "<group>";
		};
		EC9049512454AE1600037BFD /* Views */ = {
			isa = PBXGroup;
			children = (
				EC426B2D245638250027D7C7 /* HomeHeaderView.swift */,
				EC473AED24577D0A00A5678A /* HomeBottomView.swift */,
				EC9049522454AE2100037BFD /* Cells */,
			);
			path = Views;
			sourceTree = "<group>";
		};
		EC9049522454AE2100037BFD /* Cells */ = {
			isa = PBXGroup;
			children = (
				EC9049532454B16D00037BFD /* HomeCell.swift */,
				ECDBA30F2457833800C6B399 /* HomeBottomCellCollectionViewCell.swift */,
				EC5332B9245CF90100AE14F7 /* BaseCell.swift */,
			);
			path = Cells;
			sourceTree = "<group>";
		};
		EC9049552454DDAE00037BFD /* Helpers */ = {
			isa = PBXGroup;
			children = (
				EC9049582454DEE000037BFD /* UIView+Autolayout.swift */,
			);
			path = Helpers;
			sourceTree = "<group>";
		};
/* End PBXGroup section */

/* Begin PBXNativeTarget section */
		EC3C3B4824549B9A007C453A /* Facebook */ = {
			isa = PBXNativeTarget;
			buildConfigurationList = EC3C3B5D24549B9D007C453A /* Build configuration list for PBXNativeTarget "Facebook" */;
			buildPhases = (
				EC3C3B4524549B9A007C453A /* Sources */,
				EC3C3B4624549B9A007C453A /* Frameworks */,
				EC3C3B4724549B9A007C453A /* Resources */,
			);
			buildRules = (
			);
			dependencies = (
			);
			name = Facebook;
			productName = Facebook;
			productReference = EC3C3B4924549B9A007C453A /* Facebook.app */;
			productType = "com.apple.product-type.application";
		};
/* End PBXNativeTarget section */

/* Begin PBXProject section */
		EC3C3B4124549B9A007C453A /* Project object */ = {
			isa = PBXProject;
			attributes = {
				LastSwiftUpdateCheck = 1120;
				LastUpgradeCheck = 1120;
				ORGANIZATIONNAME = "Zouhair Sassi";
				TargetAttributes = {
					EC3C3B4824549B9A007C453A = {
						CreatedOnToolsVersion = 11.2.1;
					};
				};
			};
			buildConfigurationList = EC3C3B4424549B9A007C453A /* Build configuration list for PBXProject "Facebook" */;
			compatibilityVersion = "Xcode 9.3";
			developmentRegion = en;
			hasScannedForEncodings = 0;
			knownRegions = (
				en,
				Base,
			);
			mainGroup = EC3C3B4024549B9A007C453A;
			productRefGroup = EC3C3B4A24549B9A007C453A /* Products */;
			projectDirPath = "";
			projectRoot = "";
			targets = (
				EC3C3B4824549B9A007C453A /* Facebook */,
			);
		};
/* End PBXProject section */

/* Begin PBXResourcesBuildPhase section */
		EC3C3B4724549B9A007C453A /* Resources */ = {
			isa = PBXResourcesBuildPhase;
			buildActionMask = 2147483647;
			files = (
				EC3C3B5924549B9D007C453A /* LaunchScreen.storyboard in Resources */,
				EC3C3B5624549B9D007C453A /* Assets.xcassets in Resources */,
				EC3C3B5424549B9A007C453A /* Main.storyboard in Resources */,
			);
			runOnlyForDeploymentPostprocessing = 0;
		};
/* End PBXResourcesBuildPhase section */

/* Begin PBXSourcesBuildPhase section */
		EC3C3B4524549B9A007C453A /* Sources */ = {
			isa = PBXSourcesBuildPhase;
			buildActionMask = 2147483647;
			files = (
				EC473AEE24577D0A00A5678A /* HomeBottomView.swift in Sources */,
				EC3C3B5124549B9A007C453A /* MainViewController.swift in Sources */,
				EC3C3B4D24549B9A007C453A /* AppDelegate.swift in Sources */,
				EC9049592454DEE000037BFD /* UIView+Autolayout.swift in Sources */,
				EC9049542454B16D00037BFD /* HomeCell.swift in Sources */,
				EC3C3B4F24549B9A007C453A /* SceneDelegate.swift in Sources */,
				ECDBA3102457833800C6B399 /* HomeBottomCellCollectionViewCell.swift in Sources */,
				EC426B2E245638250027D7C7 /* HomeHeaderView.swift in Sources */,
				EC5332BA245CF90100AE14F7 /* BaseCell.swift in Sources */,
			);
			runOnlyForDeploymentPostprocessing = 0;
		};
/* End PBXSourcesBuildPhase section */

/* Begin PBXVariantGroup section */
		EC3C3B5224549B9A007C453A /* Main.storyboard */ = {
			isa = PBXVariantGroup;
			children = (
				EC3C3B5324549B9A007C453A /* Base */,
			);
			name = Main.storyboard;
			sourceTree = "<group>";
		};
		EC3C3B5724549B9D007C453A /* LaunchScreen.storyboard */ = {
			isa = PBXVariantGroup;
			children = (
				EC3C3B5824549B9D007C453A /* Base */,
			);
			name = LaunchScreen.storyboard;
			sourceTree = "<group>";
		};
/* End PBXVariantGroup section */

/* Begin XCBuildConfiguration section */
		EC3C3B5B24549B9D007C453A /* Debug */ = {
			isa = XCBuildConfiguration;
			buildSettings = {
				ALWAYS_SEARCH_USER_PATHS = NO;
				CLANG_ANALYZER_NONNULL = YES;
				CLANG_ANALYZER_NUMBER_OBJECT_CONVERSION = YES_AGGRESSIVE;
				CLANG_CXX_LANGUAGE_STANDARD = "gnu++14";
				CLANG_CXX_LIBRARY = "libc++";
				CLANG_ENABLE_MODULES = YES;
				CLANG_ENABLE_OBJC_ARC = YES;
				CLANG_ENABLE_OBJC_WEAK = YES;
				CLANG_WARN_BLOCK_CAPTURE_AUTORELEASING = YES;
				CLANG_WARN_BOOL_CONVERSION = YES;
				CLANG_WARN_COMMA = YES;
				CLANG_WARN_CONSTANT_CONVERSION = YES;
				CLANG_WARN_DEPRECATED_OBJC_IMPLEMENTATIONS = YES;
				CLANG_WARN_DIRECT_OBJC_ISA_USAGE = YES_ERROR;
				CLANG_WARN_DOCUMENTATION_COMMENTS = YES;
				CLANG_WARN_EMPTY_BODY = YES;
				CLANG_WARN_ENUM_CONVERSION = YES;
				CLANG_WARN_INFINITE_RECURSION = YES;
				CLANG_WARN_INT_CONVERSION = YES;
				CLANG_WARN_NON_LITERAL_NULL_CONVERSION = YES;
				CLANG_WARN_OBJC_IMPLICIT_RETAIN_SELF = YES;
				CLANG_WARN_OBJC_LITERAL_CONVERSION = YES;
				CLANG_WARN_OBJC_ROOT_CLASS = YES_ERROR;
				CLANG_WARN_RANGE_LOOP_ANALYSIS = YES;
				CLANG_WARN_STRICT_PROTOTYPES = YES;
				CLANG_WARN_SUSPICIOUS_MOVE = YES;
				CLANG_WARN_UNGUARDED_AVAILABILITY = YES_AGGRESSIVE;
				CLANG_WARN_UNREACHABLE_CODE = YES;
				CLANG_WARN__DUPLICATE_METHOD_MATCH = YES;
				COPY_PHASE_STRIP = NO;
				DEBUG_INFORMATION_FORMAT = dwarf;
				ENABLE_STRICT_OBJC_MSGSEND = YES;
				ENABLE_TESTABILITY = YES;
				GCC_C_LANGUAGE_STANDARD = gnu11;
				GCC_DYNAMIC_NO_PIC = NO;
				GCC_NO_COMMON_BLOCKS = YES;
				GCC_OPTIMIZATION_LEVEL = 0;
				GCC_PREPROCESSOR_DEFINITIONS = (
					"DEBUG=1",
					"$(inherited)",
				);
				GCC_WARN_64_TO_32_BIT_CONVERSION = YES;
				GCC_WARN_ABOUT_RETURN_TYPE = YES_ERROR;
				GCC_WARN_UNDECLARED_SELECTOR = YES;
				GCC_WARN_UNINITIALIZED_AUTOS = YES_AGGRESSIVE;
				GCC_WARN_UNUSED_FUNCTION = YES;
				GCC_WARN_UNUSED_VARIABLE = YES;
				IPHONEOS_DEPLOYMENT_TARGET = 13.2;
				MTL_ENABLE_DEBUG_INFO = INCLUDE_SOURCE;
				MTL_FAST_MATH = YES;
				ONLY_ACTIVE_ARCH = YES;
				SDKROOT = iphoneos;
				SWIFT_ACTIVE_COMPILATION_CONDITIONS = DEBUG;
				SWIFT_OPTIMIZATION_LEVEL = "-Onone";
			};
			name = Debug;
		};
		EC3C3B5C24549B9D007C453A /* Release */ = {
			isa = XCBuildConfiguration;
			buildSettings = {
				ALWAYS_SEARCH_USER_PATHS = NO;
				CLANG_ANALYZER_NONNULL = YES;
				CLANG_ANALYZER_NUMBER_OBJECT_CONVERSION = YES_AGGRESSIVE;
				CLANG_CXX_LANGUAGE_STANDARD = "gnu++14";
				CLANG_CXX_LIBRARY = "libc++";
				CLANG_ENABLE_MODULES = YES;
				CLANG_ENABLE_OBJC_ARC = YES;
				CLANG_ENABLE_OBJC_WEAK = YES;
				CLANG_WARN_BLOCK_CAPTURE_AUTORELEASING = YES;
				CLANG_WARN_BOOL_CONVERSION = YES;
				CLANG_WARN_COMMA = YES;
				CLANG_WARN_CONSTANT_CONVERSION = YES;
				CLANG_WARN_DEPRECATED_OBJC_IMPLEMENTATIONS = YES;
				CLANG_WARN_DIRECT_OBJC_ISA_USAGE = YES_ERROR;
				CLANG_WARN_DOCUMENTATION_COMMENTS = YES;
				CLANG_WARN_EMPTY_BODY = YES;
				CLANG_WARN_ENUM_CONVERSION = YES;
				CLANG_WARN_INFINITE_RECURSION = YES;
				CLANG_WARN_INT_CONVERSION = YES;
				CLANG_WARN_NON_LITERAL_NULL_CONVERSION = YES;
				CLANG_WARN_OBJC_IMPLICIT_RETAIN_SELF = YES;
				CLANG_WARN_OBJC_LITERAL_CONVERSION = YES;
				CLANG_WARN_OBJC_ROOT_CLASS = YES_ERROR;
				CLANG_WARN_RANGE_LOOP_ANALYSIS = YES;
				CLANG_WARN_STRICT_PROTOTYPES = YES;
				CLANG_WARN_SUSPICIOUS_MOVE = YES;
				CLANG_WARN_UNGUARDED_AVAILABILITY = YES_AGGRESSIVE;
				CLANG_WARN_UNREACHABLE_CODE = YES;
				CLANG_WARN__DUPLICATE_METHOD_MATCH = YES;
				COPY_PHASE_STRIP = NO;
				DEBUG_INFORMATION_FORMAT = "dwarf-with-dsym";
				ENABLE_NS_ASSERTIONS = NO;
				ENABLE_STRICT_OBJC_MSGSEND = YES;
				GCC_C_LANGUAGE_STANDARD = gnu11;
				GCC_NO_COMMON_BLOCKS = YES;
				GCC_WARN_64_TO_32_BIT_CONVERSION = YES;
				GCC_WARN_ABOUT_RETURN_TYPE = YES_ERROR;
				GCC_WARN_UNDECLARED_SELECTOR = YES;
				GCC_WARN_UNINITIALIZED_AUTOS = YES_AGGRESSIVE;
				GCC_WARN_UNUSED_FUNCTION = YES;
				GCC_WARN_UNUSED_VARIABLE = YES;
				IPHONEOS_DEPLOYMENT_TARGET = 13.2;
				MTL_ENABLE_DEBUG_INFO = NO;
				MTL_FAST_MATH = YES;
				SDKROOT = iphoneos;
				SWIFT_COMPILATION_MODE = wholemodule;
				SWIFT_OPTIMIZATION_LEVEL = "-O";
				VALIDATE_PRODUCT = YES;
			};
			name = Release;
		};
		EC3C3B5E24549B9D007C453A /* Debug */ = {
			isa = XCBuildConfiguration;
			buildSettings = {
				ASSETCATALOG_COMPILER_APPICON_NAME = AppIcon;
				CODE_SIGN_IDENTITY = "Apple Development";
				CODE_SIGN_STYLE = Manual;
				DEVELOPMENT_TEAM = "";
				INFOPLIST_FILE = Facebook/Info.plist;
				LD_RUNPATH_SEARCH_PATHS = (
					"$(inherited)",
					"@executable_path/Frameworks",
				);
				PRODUCT_BUNDLE_IDENTIFIER = com.Facebook;
				PRODUCT_NAME = "$(TARGET_NAME)";
				PROVISIONING_PROFILE_SPECIFIER = "";
				SWIFT_VERSION = 5.0;
				TARGETED_DEVICE_FAMILY = "1,2";
			};
			name = Debug;
		};
		EC3C3B5F24549B9D007C453A /* Release */ = {
			isa = XCBuildConfiguration;
			buildSettings = {
				ASSETCATALOG_COMPILER_APPICON_NAME = AppIcon;
				CODE_SIGN_IDENTITY = "Apple Development";
				CODE_SIGN_STYLE = Manual;
				DEVELOPMENT_TEAM = "";
				INFOPLIST_FILE = Facebook/Info.plist;
				LD_RUNPATH_SEARCH_PATHS = (
					"$(inherited)",
					"@executable_path/Frameworks",
				);
				PRODUCT_BUNDLE_IDENTIFIER = com.Facebook;
				PRODUCT_NAME = "$(TARGET_NAME)";
				PROVISIONING_PROFILE_SPECIFIER = "";
				SWIFT_VERSION = 5.0;
				TARGETED_DEVICE_FAMILY = "1,2";
			};
			name = Release;
		};
/* End XCBuildConfiguration section */

/* Begin XCConfigurationList section */
		EC3C3B4424549B9A007C453A /* Build configuration list for PBXProject "Facebook" */ = {
			isa = XCConfigurationList;
			buildConfigurations = (
				EC3C3B5B24549B9D007C453A /* Debug */,
				EC3C3B5C24549B9D007C453A /* Release */,
			);
			defaultConfigurationIsVisible = 0;
			defaultConfigurationName = Release;
		};
		EC3C3B5D24549B9D007C453A /* Build configuration list for PBXNativeTarget "Facebook" */ = {
			isa = XCConfigurationList;
			buildConfigurations = (
				EC3C3B5E24549B9D007C453A /* Debug */,
				EC3C3B5F24549B9D007C453A /* Release */,
			);
			defaultConfigurationIsVisible = 0;
			defaultConfigurationName = Release;
		};
/* End XCConfigurationList section */
	};
	rootObject = EC3C3B4124549B9A007C453A /* Project object */;
}
